
Microsoft Visual Studio Solution File, Format Version 12.00
# Visual Studio Version 16
VisualStudioVersion = 16.0.30517.126
MinimumVisualStudioVersion = 10.0.40219.1
Project("{FAE04EC0-301F-11D3-BF4B-00C04F79EFBC}") = "WindowsFormsApp9", "WindowsFormsApp9.csproj", "{9EC36870-41F9-4FE0-B31E-BE7ADE35A8B0}"
EndProject
Global
	GlobalSection(SolutionConfigurationPlatforms) = preSolution
		Debug|Any CPU = Debug|Any CPU
		Release|Any CPU = Release|Any CPU
	EndGlobalSection
	GlobalSection(ProjectConfigurationPlatforms) = postSolution
		{9EC36870-41F9-4FE0-B31E-BE7ADE35A8B0}.Debug|Any CPU.ActiveCfg = Debug|Any CPU
		{9EC36870-41F9-4FE0-B31E-BE7ADE35A8B0}.Debug|Any CPU.Build.0 = Debug|Any CPU
		{9EC36870-41F9-4FE0-B31E-BE7ADE35A8B0}.Release|Any CPU.ActiveCfg = Release|Any CPU
		{9EC36870-41F9-4FE0-B31E-BE7ADE35A8B0}.Release|Any CPU.Build.0 = Release|Any CPU
	EndGlobalSection
	GlobalSection(SolutionProperties) = preSolution
		HideSolutionNode = FALSE
	EndGlobalSection
	GlobalSection(ExtensibilityGlobals) = postSolution
		SolutionGuid = {BA64B6BE-30AF-4D03-A82C-5624CF3EE61F}
	EndGlobalSection
EndGlobal
